Microsoft Visual Studio Solution File, Format Version 12.00
# Visual Studio Version 17
VisualStudioVersion = 17.5.2.0
MinimumVisualStudioVersion = 10.0.40219.1
Project("{FAE04EC0-301F-11D3-BF4B-00C04F79EFBC}") = "GeneradorCartasGarantia", "GeneradorCartasGarantia\GeneradorCartasGarantia.csproj", "{039AF95F-9280-D2E1-D9AC-1855C5672B79}"
EndProject
Global
	GlobalSection(SolutionConfigurationPlatforms) = preSolution
		Debug|Any CPU = Debug|Any CPU
		Release|Any CPU = Release|Any CPU
	EndGlobalSection
	GlobalSection(ProjectConfigurationPlatforms) = postSolution
		{039AF95F-9280-D2E1-D9AC-1855C5672B79}.Debug|Any CPU.ActiveCfg = Debug|Any CPU
		{039AF95F-9280-D2E1-D9AC-1855C5672B79}.Debug|Any CPU.Build.0 = Debug|Any CPU
		{039AF95F-9280-D2E1-D9AC-1855C5672B79}.Release|Any CPU.ActiveCfg = Release|Any CPU
		{039AF95F-9280-D2E1-D9AC-1855C5672B79}.Release|Any CPU.Build.0 = Release|Any CPU
	EndGlobalSection
	GlobalSection(SolutionProperties) = preSolution
		HideSolutionNode = FALSE
	EndGlobalSection
	GlobalSection(ExtensibilityGlobals) = postSolution
		SolutionGuid = {0749ADDD-1448-4374-B22A-656E99EE4DD8}
	EndGlobalSection
EndGlobal
